Microsoft Visual Studio Solution File, Format Version 12.00
# Visual Studio Version 17
VisualStudioVersion = 17.0.31903.59
MinimumVisualStudioVersion = 10.0.40219.1
Project("{FAE04EC0-301F-11D3-BF4B-00C04F79EFBC}") = "InvoiceMailAssistant.App", "InvoiceMailAssistant.App\InvoiceMailAssistant.App.csproj", "{9E83E7E4-07E3-4B7C-8AE6-2DA08A5E98A8}"
EndProject
Project("{FAE04EC0-301F-11D3-BF4B-00C04F79EFBC}") = "InvoiceMailAssistant.Tests", "InvoiceMailAssistant.Tests\InvoiceMailAssistant.Tests.csproj", "{B6A8B7E8-0A04-4D70-8D04-4A6179F2E688}"
EndProject
Global
	GlobalSection(SolutionConfigurationPlatforms) = preSolution
		Debug|Any CPU = Debug|Any CPU
		Release|Any CPU = Release|Any CPU
	EndGlobalSection
	GlobalSection(ProjectConfigurationPlatforms) = postSolution
		{9E83E7E4-07E3-4B7C-8AE6-2DA08A5E98A8}.Debug|Any CPU.ActiveCfg = Debug|Any CPU
		{9E83E7E4-07E3-4B7C-8AE6-2DA08A5E98A8}.Debug|Any CPU.Build.0 = Debug|Any CPU
		{9E83E7E4-07E3-4B7C-8AE6-2DA08A5E98A8}.Release|Any CPU.ActiveCfg = Release|Any CPU
		{9E83E7E4-07E3-4B7C-8AE6-2DA08A5E98A8}.Release|Any CPU.Build.0 = Release|Any CPU
		{B6A8B7E8-0A04-4D70-8D04-4A6179F2E688}.Debug|Any CPU.ActiveCfg = Debug|Any CPU
		{B6A8B7E8-0A04-4D70-8D04-4A6179F2E688}.Debug|Any CPU.Build.0 = Debug|Any CPU
		{B6A8B7E8-0A04-4D70-8D04-4A6179F2E688}.Release|Any CPU.ActiveCfg = Release|Any CPU
		{B6A8B7E8-0A04-4D70-8D04-4A6179F2E688}.Release|Any CPU.Build.0 = Release|Any CPU
	EndGlobalSection
	GlobalSection(SolutionProperties) = preSolution
		HideSolutionNode = FALSE
	EndGlobalSection
EndGlobal
